
Microsoft Visual Studio Solution File, Format Version 12.00
# Visual Studio Version 17
VisualStudioVersion = 17.8.34408.163
MinimumVisualStudioVersion = 10.0.40219.1
Project("{FAE04EC0-301F-11D3-BF4B-00C04F79EFBC}") = "CreateUserPassword", "CreateUserPassword\CreateUserPassword.csproj", "{FDAA3AF6-3B27-4619-905C-6F6349A2B36A}"
EndProject
Global
	GlobalSection(SolutionConfigurationPlatforms) = preSolution
		Debug|Any CPU = Debug|Any CPU
		Release|Any CPU = Release|Any CPU
	EndGlobalSection
	GlobalSection(ProjectConfigurationPlatforms) = postSolution
		{FDAA3AF6-3B27-4619-905C-6F6349A2B36A}.Debug|Any CPU.ActiveCfg = Debug|Any CPU
		{FDAA3AF6-3B27-4619-905C-6F6349A2B36A}.Debug|Any CPU.Build.0 = Debug|Any CPU
		{FDAA3AF6-3B27-4619-905C-6F6349A2B36A}.Release|Any CPU.ActiveCfg = Release|Any CPU
		{FDAA3AF6-3B27-4619-905C-6F6349A2B36A}.Release|Any CPU.Build.0 = Release|Any CPU
	EndGlobalSection
	GlobalSection(SolutionProperties) = preSolution
		HideSolutionNode = FALSE
	EndGlobalSection
	GlobalSection(ExtensibilityGlobals) = postSolution
		SolutionGuid = {F0FE8EFA-EF66-4295-BC72-02EF6D3028DA}
	EndGlobalSection
EndGlobal
