
Microsoft Visual Studio Solution File, Format Version 12.00
# Visual Studio Version 17
VisualStudioVersion = 17.4.33122.133
MinimumVisualStudioVersion = 10.0.40219.1
Project("{FAE04EC0-301F-11D3-BF4B-00C04F79EFBC}") = "SOAPService", "SOAPService.csproj", "{19FD8DEF-F1BF-4B97-AB91-8A5FFF539CA9}"
EndProject
Global
	GlobalSection(SolutionConfigurationPlatforms) = preSolution
		Debug|Any CPU = Debug|Any CPU
		Release|Any CPU = Release|Any CPU
	EndGlobalSection
	GlobalSection(ProjectConfigurationPlatforms) = postSolution
		{19FD8DEF-F1BF-4B97-AB91-8A5FFF539CA9}.Debug|Any CPU.ActiveCfg = Debug|Any CPU
		{19FD8DEF-F1BF-4B97-AB91-8A5FFF539CA9}.Debug|Any CPU.Build.0 = Debug|Any CPU
		{19FD8DEF-F1BF-4B97-AB91-8A5FFF539CA9}.Release|Any CPU.ActiveCfg = Release|Any CPU
		{19FD8DEF-F1BF-4B97-AB91-8A5FFF539CA9}.Release|Any CPU.Build.0 = Release|Any CPU
	EndGlobalSection
	GlobalSection(SolutionProperties) = preSolution
		HideSolutionNode = FALSE
	EndGlobalSection
	GlobalSection(ExtensibilityGlobals) = postSolution
		SolutionGuid = {AAA31334-B8B6-40FC-91B7-A248DB507F15}
	EndGlobalSection
EndGlobal
